
Microsoft Visual Studio Solution File, Format Version 12.00
# Visual Studio Version 17
VisualStudioVersion = 17.6.33829.357
MinimumVisualStudioVersion = 10.0.40219.1
Project("{FAE04EC0-301F-11D3-BF4B-00C04F79EFBC}") = "SecondAPIProject", "SecondAPIProject\SecondAPIProject.csproj", "{3F5E4A2A-8D84-4A68-9D6B-81DD02B8A7F7}"
EndProject
Global
	GlobalSection(SolutionConfigurationPlatforms) = preSolution
		Debug|Any CPU = Debug|Any CPU
		Release|Any CPU = Release|Any CPU
	EndGlobalSection
	GlobalSection(ProjectConfigurationPlatforms) = postSolution
		{3F5E4A2A-8D84-4A68-9D6B-81DD02B8A7F7}.Debug|Any CPU.ActiveCfg = Debug|Any CPU
		{3F5E4A2A-8D84-4A68-9D6B-81DD02B8A7F7}.Debug|Any CPU.Build.0 = Debug|Any CPU
		{3F5E4A2A-8D84-4A68-9D6B-81DD02B8A7F7}.Release|Any CPU.ActiveCfg = Release|Any CPU
		{3F5E4A2A-8D84-4A68-9D6B-81DD02B8A7F7}.Release|Any CPU.Build.0 = Release|Any CPU
	EndGlobalSection
	GlobalSection(SolutionProperties) = preSolution
		HideSolutionNode = FALSE
	EndGlobalSection
	GlobalSection(ExtensibilityGlobals) = postSolution
		SolutionGuid = {409A055B-8C1E-4482-8374-5183D085913C}
	EndGlobalSection
EndGlobal
